
Microsoft Visual Studio Solution File, Format Version 12.00
# Visual Studio Version 17
VisualStudioVersion = 17.0.32112.339
MinimumVisualStudioVersion = 10.0.40219.1
Project("{FAE04EC0-301F-11D3-BF4B-00C04F79EFBC}") = "BotwDecompiler", "BotwDecompiler\BotwDecompiler.csproj", "{552AE4D4-5305-445F-95C3-D3EBCF6E26DC}"
EndProject
Global
	GlobalSection(SolutionConfigurationPlatforms) = preSolution
		Debug|Any CPU = Debug|Any CPU
		Release|Any CPU = Release|Any CPU
	EndGlobalSection
	GlobalSection(ProjectConfigurationPlatforms) = postSolution
		{552AE4D4-5305-445F-95C3-D3EBCF6E26DC}.Debug|Any CPU.ActiveCfg = Debug|Any CPU
		{552AE4D4-5305-445F-95C3-D3EBCF6E26DC}.Debug|Any CPU.Build.0 = Debug|Any CPU
		{552AE4D4-5305-445F-95C3-D3EBCF6E26DC}.Release|Any CPU.ActiveCfg = Release|Any CPU
		{552AE4D4-5305-445F-95C3-D3EBCF6E26DC}.Release|Any CPU.Build.0 = Release|Any CPU
	EndGlobalSection
	GlobalSection(SolutionProperties) = preSolution
		HideSolutionNode = FALSE
	EndGlobalSection
	GlobalSection(ExtensibilityGlobals) = postSolution
		SolutionGuid = {AC82C8C0-8CAE-478A-8CB5-DC7C8736B406}
	EndGlobalSection
EndGlobal
